
Microsoft Visual Studio Solution File, Format Version 12.00
# Visual Studio Version 16
VisualStudioVersion = 16.0.33927.289
MinimumVisualStudioVersion = 10.0.40219.1
Project("{FAE04EC0-301F-11D3-BF4B-00C04F79EFBC}") = "KampIntro", "KampIntro\KampIntro.csproj", "{A2872661-7467-4685-B483-5F7B0FD2A274}"
EndProject
Project("{FAE04EC0-301F-11D3-BF4B-00C04F79EFBC}") = "Donguler", "Donguler\Donguler.csproj", "{15C65E4C-47A8-4C84-A94B-E9164C4AB426}"
EndProject
Project("{FAE04EC0-301F-11D3-BF4B-00C04F79EFBC}") = "ClassIntro", "ClassIntro\ClassIntro.csproj", "{077850B3-BA79-4B03-9DD8-362CBB97262B}"
EndProject
Project("{FAE04EC0-301F-11D3-BF4B-00C04F79EFBC}") = "Ödevler", "Ödevler\Ödevler.csproj", "{5CA95BA1-86C5-481E-AE3B-7F634515E012}"
EndProject
Project("{FAE04EC0-301F-11D3-BF4B-00C04F79EFBC}") = "Metodlar", "Metodlar\Metodlar.csproj", "{D0E8E9EB-5923-47EC-A06B-A9E6F93D02D9}"
EndProject
Project("{FAE04EC0-301F-11D3-BF4B-00C04F79EFBC}") = "Matematik", "Matematik\Matematik.csproj", "{866284A1-2A1F-4699-9B9E-C342A3199BD5}"
EndProject
Project("{FAE04EC0-301F-11D3-BF4B-00C04F79EFBC}") = "DegerVeReferansTipler", "DegerVeReferansTipler\DegerVeReferansTipler.csproj", "{ED97B5B5-5E15-43EE-95B6-5BA5C461D3C0}"
EndProject
Global
	GlobalSection(SolutionConfigurationPlatforms) = preSolution
		Debug|Any CPU = Debug|Any CPU
		Release|Any CPU = Release|Any CPU
	EndGlobalSection
	GlobalSection(ProjectConfigurationPlatforms) = postSolution
		{A2872661-7467-4685-B483-5F7B0FD2A274}.Debug|Any CPU.ActiveCfg = Debug|Any CPU
		{A2872661-7467-4685-B483-5F7B0FD2A274}.Debug|Any CPU.Build.0 = Debug|Any CPU
		{A2872661-7467-4685-B483-5F7B0FD2A274}.Release|Any CPU.ActiveCfg = Release|Any CPU
		{A2872661-7467-4685-B483-5F7B0FD2A274}.Release|Any CPU.Build.0 = Release|Any CPU
		{15C65E4C-47A8-4C84-A94B-E9164C4AB426}.Debug|Any CPU.ActiveCfg = Debug|Any CPU
		{15C65E4C-47A8-4C84-A94B-E9164C4AB426}.Debug|Any CPU.Build.0 = Debug|Any CPU
		{15C65E4C-47A8-4C84-A94B-E9164C4AB426}.Release|Any CPU.ActiveCfg = Release|Any CPU
		{15C65E4C-47A8-4C84-A94B-E9164C4AB426}.Release|Any CPU.Build.0 = Release|Any CPU
		{077850B3-BA79-4B03-9DD8-362CBB97262B}.Debug|Any CPU.ActiveCfg = Debug|Any CPU
		{077850B3-BA79-4B03-9DD8-362CBB97262B}.Debug|Any CPU.Build.0 = Debug|Any CPU
		{077850B3-BA79-4B03-9DD8-362CBB97262B}.Release|Any CPU.ActiveCfg = Release|Any CPU
		{077850B3-BA79-4B03-9DD8-362CBB97262B}.Release|Any CPU.Build.0 = Release|Any CPU
		{5CA95BA1-86C5-481E-AE3B-7F634515E012}.Debug|Any CPU.ActiveCfg = Debug|Any CPU
		{5CA95BA1-86C5-481E-AE3B-7F634515E012}.Debug|Any CPU.Build.0 = Debug|Any CPU
		{5CA95BA1-86C5-481E-AE3B-7F634515E012}.Release|Any CPU.ActiveCfg = Release|Any CPU
		{5CA95BA1-86C5-481E-AE3B-7F634515E012}.Release|Any CPU.Build.0 = Release|Any CPU
		{D0E8E9EB-5923-47EC-A06B-A9E6F93D02D9}.Debug|Any CPU.ActiveCfg = Debug|Any CPU
		{D0E8E9EB-5923-47EC-A06B-A9E6F93D02D9}.Debug|Any CPU.Build.0 = Debug|Any CPU
		{D0E8E9EB-5923-47EC-A06B-A9E6F93D02D9}.Release|Any CPU.ActiveCfg = Release|Any CPU
		{D0E8E9EB-5923-47EC-A06B-A9E6F93D02D9}.Release|Any CPU.Build.0 = Release|Any CPU
		{866284A1-2A1F-4699-9B9E-C342A3199BD5}.Debug|Any CPU.ActiveCfg = Debug|Any CPU
		{866284A1-2A1F-4699-9B9E-C342A3199BD5}.Debug|Any CPU.Build.0 = Debug|Any CPU
		{866284A1-2A1F-4699-9B9E-C342A3199BD5}.Release|Any CPU.ActiveCfg = Release|Any CPU
		{866284A1-2A1F-4699-9B9E-C342A3199BD5}.Release|Any CPU.Build.0 = Release|Any CPU
		{ED97B5B5-5E15-43EE-95B6-5BA5C461D3C0}.Debug|Any CPU.ActiveCfg = Debug|Any CPU
		{ED97B5B5-5E15-43EE-95B6-5BA5C461D3C0}.Debug|Any CPU.Build.0 = Debug|Any CPU
		{ED97B5B5-5E15-43EE-95B6-5BA5C461D3C0}.Release|Any CPU.ActiveCfg = Release|Any CPU
		{ED97B5B5-5E15-43EE-95B6-5BA5C461D3C0}.Release|Any CPU.Build.0 = Release|Any CPU
	EndGlobalSection
	GlobalSection(SolutionProperties) = preSolution
		HideSolutionNode = FALSE
	EndGlobalSection
	GlobalSection(ExtensibilityGlobals) = postSolution
		SolutionGuid = {13638CBE-900F-4156-B3DA-070CF60EB2CE}
	EndGlobalSection
EndGlobal
